# This file was autogenerated by Stack.
# You should not edit this file by hand.
# For more information, please see the documentation at:
#   https://docs.haskellstack.org/en/stable/lock_files

packages: []
snapshots:
- completed:
    size: 585817
    url: https://raw.githubusercontent.com/commercialhaskell/stackage-snapshots/master/lts/18/4.yaml
    sha256: ea3a318eafa9e9cc56bfbe46099fd0d54d32641ab7bbe1d182ed8f5de39f804c
  original: lts-18.4
